{
  "name": "websocket-test",
  "version": "1.0.0",
  "lockfileVersion": 3,
  "requires": true,
  "packages": {
    "": {
      "name": "websocket-test",
      "version": "1.0.0",
      "license": "ISC",
      "dependencies": {
        "node-pty": "^1.0.0",
        "ws": "^8.14.2",
        "xterm": "^5.3.0",
        "xterm-addon-attach": "^0.9.0",
        "xterm-addon-fit": "^0.8.0"
      }
    },
    "node_modules/nan": {
      "version": "2.18.0",
      "resolved": "https://registry.npmjs.org/nan/-/nan-2.18.0.tgz",
      "integrity": "sha512-W7tfG7vMOGtD30sHoZSSc/JVYiyDPEyQVso/Zz+/uQd0B0L46gtC+pHha5FFMRpil6fm/AoEcRWyOVi4+E/f8w=="
    },
    "node_modules/node-pty": {
      "version": "1.0.0",
      "resolved": "https://registry.npmjs.org/node-pty/-/node-pty-1.0.0.tgz",
      "integrity": "sha512-wtBMWWS7dFZm/VgqElrTvtfMq4GzJ6+edFI0Y0zyzygUSZMgZdraDUMUhCIvkjhJjme15qWmbyJbtAx4ot4uZA==",
      "hasInstallScript": true,
      "dependencies": {
        "nan": "^2.17.0"
      }
    },
    "node_modules/ws": {
      "version": "8.14.2",
      "resolved": "https://registry.npmjs.org/ws/-/ws-8.14.2.tgz",
      "integrity": "sha512-wEBG1ftX4jcglPxgFCMJmZ2PLtSbJ2Peg6TmpJFTbe9GZYOQCDPdMYu/Tm0/bGZkw8paZnJY45J4K2PZrLYq8g==",
      "engines": {
        "node": ">=10.0.0"
      },
      "peerDependencies": {
        "bufferutil": "^4.0.1",
        "utf-8-validate": ">=5.0.2"
      },
      "peerDependenciesMeta": {
        "bufferutil": {
          "optional": true
        },
        "utf-8-validate": {
          "optional": true
        }
      }
    },
    "node_modules/xterm": {
      "version": "5.3.0",
      "resolved": "https://registry.npmjs.org/xterm/-/xterm-5.3.0.tgz",
      "integrity": "sha512-8QqjlekLUFTrU6x7xck1MsPzPA571K5zNqWm0M0oroYEWVOptZ0+ubQSkQ3uxIEhcIHRujJy6emDWX4A7qyFzg=="
    },
    "node_modules/xterm-addon-attach": {
      "version": "0.9.0",
      "resolved": "https://registry.npmjs.org/xterm-addon-attach/-/xterm-addon-attach-0.9.0.tgz",
      "integrity": "sha512-NykWWOsobVZPPK3P9eFkItrnBK9Lw0f94uey5zhqIVB1bhswdVBfl+uziEzSOhe2h0rT9wD0wOeAYsdSXeavPw==",
      "peerDependencies": {
        "xterm": "^5.0.0"
      }
    },
    "node_modules/xterm-addon-fit": {
      "version": "0.8.0",
      "resolved": "https://registry.npmjs.org/xterm-addon-fit/-/xterm-addon-fit-0.8.0.tgz",
      "integrity": "sha512-yj3Np7XlvxxhYF/EJ7p3KHaMt6OdwQ+HDu573Vx1lRXsVxOcnVJs51RgjZOouIZOczTsskaS+CpXspK81/DLqw==",
      "peerDependencies": {
        "xterm": "^5.0.0"
      }
    }
  }
}
